
Microsoft Visual Studio Solution File, Format Version 12.00
# Visual Studio 15
VisualStudioVersion = 15.0.27130.2036
MinimumVisualStudioVersion = 10.0.40219.1
Project("{FAE04EC0-301F-11D3-BF4B-00C04F79EFBC}") = "Ludo Game Master 2018", "Ludo Game Master 2018\Ludo Game Master 2018.csproj", "{F183E8CC-84E4-4CD4-8415-B9383451D054}"
EndProject
Global
	GlobalSection(SolutionConfigurationPlatforms) = preSolution
		Debug|Any CPU = Debug|Any CPU
		Release|Any CPU = Release|Any CPU
	EndGlobalSection
	GlobalSection(ProjectConfigurationPlatforms) = postSolution
		{F183E8CC-84E4-4CD4-8415-B9383451D054}.Debug|Any CPU.ActiveCfg = Debug|Any CPU
		{F183E8CC-84E4-4CD4-8415-B9383451D054}.Debug|Any CPU.Build.0 = Debug|Any CPU
		{F183E8CC-84E4-4CD4-8415-B9383451D054}.Release|Any CPU.ActiveCfg = Release|Any CPU
		{F183E8CC-84E4-4CD4-8415-B9383451D054}.Release|Any CPU.Build.0 = Release|Any CPU
	EndGlobalSection
	GlobalSection(SolutionProperties) = preSolution
		HideSolutionNode = FALSE
	EndGlobalSection
	GlobalSection(ExtensibilityGlobals) = postSolution
		SolutionGuid = {F9F879C8-9442-4E70-B0C3-F8FECF677AF4}
	EndGlobalSection
EndGlobal
